{
  "originHash" : "ace3ac63f39a6dc1ac674443b3d1f3ef55ce553838f5c13174987044bcee9673",
  "pins" : [
    {
      "identity" : "acknowlist",
      "kind" : "remoteSourceControl",
      "location" : "https://github.com/vtourraine/AcknowList",
      "state" : {
        "revision" : "0288baabb859af22b9e152555fa56b56094de789",
        "version" : "3.4.3"
      }
    },
    {
      "identity" : "anylanguagemodel",
      "kind" : "remoteSourceControl",
      "location" : "https://github.com/huggingface/AnyLanguageModel",
      "state" : {
        "revision" : "f22b78e6b10f67e7d46c67dc59a8a35bc259fbce",
        "version" : "0.9.0"
      }
    },
    {
      "identity" : "eventsource",
      "kind" : "remoteSourceControl",
      "location" : "https://github.com/mattt/EventSource",
      "state" : {
        "revision" : "86b5096ac59ab46e66bd1f6377c604bc1dab0bc2",
        "version" : "1.5.1"
      }
    },
    {
      "identity" : "jsonschema",
      "kind" : "remoteSourceControl",
      "location" : "https://github.com/mattt/JSONSchema",
      "state" : {
        "revision" : "4c6f2467d5bc72b062c7a9b7e4cd77a09635ea8b",
        "version" : "1.3.1"
      }
    },
    {
      "identity" : "partialjsondecoder",
      "kind" : "remoteSourceControl",
      "location" : "https://github.com/mattt/PartialJSONDecoder",
      "state" : {
        "revision" : "e4d389e6bcc6771bb988d1a8a17695d8bfa97172",
        "version" : "1.0.0"
      }
    },
    {
      "identity" : "swift-collections",
      "kind" : "remoteSourceControl",
      "location" : "https://github.com/apple/swift-collections.git",
      "state" : {
        "revision" : "a0cb0954ecb21e4e31b0070e6ed5674e8556685a",
        "version" : "1.6.0"
      }
    },
    {
      "identity" : "swift-syntax",
      "kind" : "remoteSourceControl",
      "location" : "https://github.com/swiftlang/swift-syntax",
      "state" : {
        "revision" : "4799286537280063c85a32f09884cfbca301b1a1",
        "version" : "602.0.0"
      }
    }
  ],
  "version" : 3
}
